
Microsoft Visual Studio Solution File, Format Version 12.00
# Visual Studio Version 17
VisualStudioVersion = 17.8.34309.116
MinimumVisualStudioVersion = 10.0.40219.1
Project("{FAE04EC0-301F-11D3-BF4B-00C04F79EFBC}") = "AppSouleymaneFaye", "AppSouleymaneFaye\AppSouleymaneFaye.csproj", "{32DA222E-4EE7-464C-B15B-3500648CAC3F}"
EndProject
Global
	GlobalSection(SolutionConfigurationPlatforms) = preSolution
		Debug|Any CPU = Debug|Any CPU
		Release|Any CPU = Release|Any CPU
	EndGlobalSection
	GlobalSection(ProjectConfigurationPlatforms) = postSolution
		{32DA222E-4EE7-464C-B15B-3500648CAC3F}.Debug|Any CPU.ActiveCfg = Debug|Any CPU
		{32DA222E-4EE7-464C-B15B-3500648CAC3F}.Debug|Any CPU.Build.0 = Debug|Any CPU
		{32DA222E-4EE7-464C-B15B-3500648CAC3F}.Release|Any CPU.ActiveCfg = Release|Any CPU
		{32DA222E-4EE7-464C-B15B-3500648CAC3F}.Release|Any CPU.Build.0 = Release|Any CPU
	EndGlobalSection
	GlobalSection(SolutionProperties) = preSolution
		HideSolutionNode = FALSE
	EndGlobalSection
	GlobalSection(ExtensibilityGlobals) = postSolution
		SolutionGuid = {4E037F2A-1036-4E4D-90A0-05803495349A}
	EndGlobalSection
EndGlobal
